{
  "name": "anima-blog-cloner",
  "version": "1.0.0",
  "lockfileVersion": 3,
  "requires": true,
  "packages": {
    "": {
      "name": "anima-blog-cloner",
      "version": "1.0.0",
      "license": "ISC",
      "dependencies": {
        "@animaapp/anima-sdk": "^0.7.2",
        "dotenv": "^17.2.3"
      }
    },
    "node_modules/@animaapp/anima-sdk": {
      "version": "0.7.2",
      "resolved": "https://registry.npmjs.org/@animaapp/anima-sdk/-/anima-sdk-0.7.2.tgz",
      "integrity": "sha512-0cpfC+SkEOI2ACyy4EuGiPRiWEI7aAHvgYsirec8eLMjhRePL3iXZ6n7JyuppwQ3Y6semlybHMmb/d+jn3NZMw==",
      "license": "ISC",
      "dependencies": {
        "@animaapp/http-client-figma": "^1.0.3",
        "@figma/rest-api-spec": "^0.27.0",
        "pako": "^2.1.0",
        "zod": "^3.24.2"
      }
    },
    "node_modules/@animaapp/http-client-figma": {
      "version": "1.0.3",
      "resolved": "https://registry.npmjs.org/@animaapp/http-client-figma/-/http-client-figma-1.0.3.tgz",
      "integrity": "sha512-jzdA7gSxhhbB7BJZhIJfFbnglhs+10mv0T0p08cmjHmgreK4YBjMtj62TaAiUVoRaDoCzVsedPR8rj+oCEactw==",
      "license": "ISC",
      "dependencies": {
        "csvtojson": "^2.0.10",
        "deepcopy": "^2.1.0",
        "eventsource": "^3.0.2",
        "md5": "^2.3.0"
      },
      "engines": {
        "node": ">=18.x.x"
      },
      "optionalDependencies": {
        "@rollup/rollup-linux-x64-gnu": "^4.17.2"
      }
    },
    "node_modules/@figma/rest-api-spec": {
      "version": "0.27.0",
      "resolved": "https://registry.npmjs.org/@figma/rest-api-spec/-/rest-api-spec-0.27.0.tgz",
      "integrity": "sha512-jRGYwBLdybit9X7puOmztx8XUt1dq9a7jtBO2KEK4OrxP8GKGX5yY2+efV/XNRHnqTbzFue0qdZklSBs/EaGNw==",
      "license": "MIT License"
    },
    "node_modules/@rollup/rollup-linux-x64-gnu": {
      "version": "4.52.5",
      "resolved": "https://registry.npmjs.org/@rollup/rollup-linux-x64-gnu/-/rollup-linux-x64-gnu-4.52.5.tgz",
      "integrity": "sha512-hXGLYpdhiNElzN770+H2nlx+jRog8TyynpTVzdlc6bndktjKWyZyiCsuDAlpd+j+W+WNqfcyAWz9HxxIGfZm1Q==",
      "cpu": [
        "x64"
      ],
      "license": "MIT",
      "optional": true,
      "os": [
        "linux"
      ]
    },
    "node_modules/charenc": {
      "version": "0.0.2",
      "resolved": "https://registry.npmjs.org/charenc/-/charenc-0.0.2.tgz",
      "integrity": "sha512-yrLQ/yVUFXkzg7EDQsPieE/53+0RlaWTs+wBrvW36cyilJ2SaDWfl4Yj7MtLTXleV9uEKefbAGUPv2/iWSooRA==",
      "license": "BSD-3-Clause",
      "engines": {
        "node": "*"
      }
    },
    "node_modules/crypt": {
      "version": "0.0.2",
      "resolved": "https://registry.npmjs.org/crypt/-/crypt-0.0.2.tgz",
      "integrity": "sha512-mCxBlsHFYh9C+HVpiEacem8FEBnMXgU9gy4zmNC+SXAZNB/1idgp/aulFJ4FgCi7GPEVbfyng092GqL2k2rmow==",
      "license": "BSD-3-Clause",
      "engines": {
        "node": "*"
      }
    },
    "node_modules/csvtojson": {
      "version": "2.0.12",
      "resolved": "https://registry.npmjs.org/csvtojson/-/csvtojson-2.0.12.tgz",
      "integrity": "sha512-HM6bXMZsSWDFqJg2DX+h2Ock5i9Dkz30LxrPzEmdPJ+WMLxlWfYD9OgZjSPJtPulAzieLFDjSYBphOSZuZIifg==",
      "license": "MIT",
      "dependencies": {
        "lodash.set": "^4.3.2"
      },
      "bin": {
        "csvtojson": "bin/csvtojson"
      },
      "engines": {
        "node": ">=8.0.0"
      }
    },
    "node_modules/deepcopy": {
      "version": "2.1.0",
      "resolved": "https://registry.npmjs.org/deepcopy/-/deepcopy-2.1.0.tgz",
      "integrity": "sha512-8cZeTb1ZKC3bdSCP6XOM1IsTczIO73fdqtwa2B0N15eAz7gmyhQo+mc5gnFuulsgN3vIQYmTgbmQVKalH1dKvQ==",
      "deprecated": "No longer maintained. Use structuredClone instead.",
      "license": "MIT",
      "dependencies": {
        "type-detect": "^4.0.8"
      }
    },
    "node_modules/dotenv": {
      "version": "17.2.3",
      "resolved": "https://registry.npmjs.org/dotenv/-/dotenv-17.2.3.tgz",
      "integrity": "sha512-JVUnt+DUIzu87TABbhPmNfVdBDt18BLOWjMUFJMSi/Qqg7NTYtabbvSNJGOJ7afbRuv9D/lngizHtP7QyLQ+9w==",
      "license": "BSD-2-Clause",
      "engines": {
        "node": ">=12"
      },
      "funding": {
        "url": "https://dotenvx.com"
      }
    },
    "node_modules/eventsource": {
      "version": "3.0.7",
      "resolved": "https://registry.npmjs.org/eventsource/-/eventsource-3.0.7.tgz",
      "integrity": "sha512-CRT1WTyuQoD771GW56XEZFQ/ZoSfWid1alKGDYMmkt2yl8UXrVR4pspqWNEcqKvVIzg6PAltWjxcSSPrboA4iA==",
      "license": "MIT",
      "dependencies": {
        "eventsource-parser": "^3.0.1"
      },
      "engines": {
        "node": ">=18.0.0"
      }
    },
    "node_modules/eventsource-parser": {
      "version": "3.0.6",
      "resolved": "https://registry.npmjs.org/eventsource-parser/-/eventsource-parser-3.0.6.tgz",
      "integrity": "sha512-Vo1ab+QXPzZ4tCa8SwIHJFaSzy4R6SHf7BY79rFBDf0idraZWAkYrDjDj8uWaSm3S2TK+hJ7/t1CEmZ7jXw+pg==",
      "license": "MIT",
      "engines": {
        "node": ">=18.0.0"
      }
    },
    "node_modules/is-buffer": {
      "version": "1.1.6",
      "resolved": "https://registry.npmjs.org/is-buffer/-/is-buffer-1.1.6.tgz",
      "integrity": "sha512-NcdALwpXkTm5Zvvbk7owOUSvVvBKDgKP5/ewfXEznmQFfs4ZRmanOeKBTjRVjka3QFoN6XJ+9F3USqfHqTaU5w==",
      "license": "MIT"
    },
    "node_modules/lodash.set": {
      "version": "4.3.2",
      "resolved": "https://registry.npmjs.org/lodash.set/-/lodash.set-4.3.2.tgz",
      "integrity": "sha512-4hNPN5jlm/N/HLMCO43v8BXKq9Z7QdAGc/VGrRD61w8gN9g/6jF9A4L1pbUgBLCffi0w9VsXfTOij5x8iTyFvg==",
      "license": "MIT"
    },
    "node_modules/md5": {
      "version": "2.3.0",
      "resolved": "https://registry.npmjs.org/md5/-/md5-2.3.0.tgz",
      "integrity": "sha512-T1GITYmFaKuO91vxyoQMFETst+O71VUPEU3ze5GNzDm0OWdP8v1ziTaAEPUr/3kLsY3Sftgz242A1SetQiDL7g==",
      "license": "BSD-3-Clause",
      "dependencies": {
        "charenc": "0.0.2",
        "crypt": "0.0.2",
        "is-buffer": "~1.1.6"
      }
    },
    "node_modules/pako": {
      "version": "2.1.0",
      "resolved": "https://registry.npmjs.org/pako/-/pako-2.1.0.tgz",
      "integrity": "sha512-w+eufiZ1WuJYgPXbV/PO3NCMEc3xqylkKHzp8bxp1uW4qaSNQUkwmLLEc3kKsfz8lpV1F8Ht3U1Cm+9Srog2ug==",
      "license": "(MIT AND Zlib)"
    },
    "node_modules/type-detect": {
      "version": "4.1.0",
      "resolved": "https://registry.npmjs.org/type-detect/-/type-detect-4.1.0.tgz",
      "integrity": "sha512-Acylog8/luQ8L7il+geoSxhEkazvkslg7PSNKOX59mbB9cOveP5aq9h74Y7YU8yDpJwetzQQrfIwtf4Wp4LKcw==",
      "license": "MIT",
      "engines": {
        "node": ">=4"
      }
    },
    "node_modules/zod": {
      "version": "3.25.76",
      "resolved": "https://registry.npmjs.org/zod/-/zod-3.25.76.tgz",
      "integrity": "sha512-gzUt/qt81nXsFGKIFcC3YnfEAx5NkunCfnDlvuBSSFS02bcXu4Lmea0AFIUwbLWxWPx3d9p8S5QoaujKcNQxcQ==",
      "license": "MIT",
      "funding": {
        "url": "https://github.com/sponsors/colinhacks"
      }
    }
  }
}
